
Microsoft Visual Studio Solution File, Format Version 12.00
# Visual Studio 15
VisualStudioVersion = 15.0.28307.106
MinimumVisualStudioVersion = 10.0.40219.1
Project("{FAE04EC0-301F-11D3-BF4B-00C04F79EFBC}") = "RandomWordImageFinder.Android", "RandomWordImageFinder\RandomWordImageFinder.Android\RandomWordImageFinder.Android.csproj", "{2B0D9817-9FEF-40D9-B310-6F2A6610EBB7}"
EndProject
Project("{FAE04EC0-301F-11D3-BF4B-00C04F79EFBC}") = "RandomWordImageFinder.iOS", "RandomWordImageFinder\RandomWordImageFinder.iOS\RandomWordImageFinder.iOS.csproj", "{0687C007-7F38-4251-A8C6-155902056F53}"
EndProject
Project("{FAE04EC0-301F-11D3-BF4B-00C04F79EFBC}") = "RandomWordImageFinder.UWP", "RandomWordImageFinder\RandomWordImageFinder.UWP\RandomWordImageFinder.UWP.csproj", "{33FFA829-B158-4DEE-8ABE-C7207C6E73FE}"
EndProject
Project("{FAE04EC0-301F-11D3-BF4B-00C04F79EFBC}") = "RandomWordImageFinder", "RandomWordImageFinder\RandomWordImageFinder\RandomWordImageFinder.csproj", "{A8C59C97-07F2-47AA-9BE8-57A3F5C1A3C5}"
EndProject
Global
	GlobalSection(SolutionConfigurationPlatforms) = preSolution
		Ad-Hoc|Any CPU = Ad-Hoc|Any CPU
		Ad-Hoc|ARM = Ad-Hoc|ARM
		Ad-Hoc|iPhone = Ad-Hoc|iPhone
		Ad-Hoc|iPhoneSimulator = Ad-Hoc|iPhoneSimulator
		Ad-Hoc|x64 = Ad-Hoc|x64
		Ad-Hoc|x86 = Ad-Hoc|x86
		AppStore|Any CPU = AppStore|Any CPU
		AppStore|ARM = AppStore|ARM
		AppStore|iPhone = AppStore|iPhone
		AppStore|iPhoneSimulator = AppStore|iPhoneSimulator
		AppStore|x64 = AppStore|x64
		AppStore|x86 = AppStore|x86
		Debug|Any CPU = Debug|Any CPU
		Debug|ARM = Debug|ARM
		Debug|iPhone = Debug|iPhone
		Debug|iPhoneSimulator = Debug|iPhoneSimulator
		Debug|x64 = Debug|x64
		Debug|x86 = Debug|x86
		Release|Any CPU = Release|Any CPU
		Release|ARM = Release|ARM
		Release|iPhone = Release|iPhone
		Release|iPhoneSimulator = Release|iPhoneSimulator
		Release|x64 = Release|x64
		Release|x86 = Release|x86
	EndGlobalSection
	GlobalSection(ProjectConfigurationPlatforms) = postSolution
		{2B0D9817-9FEF-40D9-B310-6F2A6610EBB7}.Ad-Hoc|Any CPU.ActiveCfg = Release|Any CPU
		{2B0D9817-9FEF-40D9-B310-6F2A6610EBB7}.Ad-Hoc|Any CPU.Build.0 = Release|Any CPU
		{2B0D9817-9FEF-40D9-B310-6F2A6610EBB7}.Ad-Hoc|Any CPU.Deploy.0 = Release|Any CPU
		{2B0D9817-9FEF-40D9-B310-6F2A6610EBB7}.Ad-Hoc|ARM.ActiveCfg = Release|Any CPU
		{2B0D9817-9FEF-40D9-B310-6F2A6610EBB7}.Ad-Hoc|ARM.Build.0 = Release|Any CPU
		{2B0D9817-9FEF-40D9-B310-6F2A6610EBB7}.Ad-Hoc|ARM.Deploy.0 = Release|Any CPU
		{2B0D9817-9FEF-40D9-B310-6F2A6610EBB7}.Ad-Hoc|iPhone.ActiveCfg = Release|Any CPU
		{2B0D9817-9FEF-40D9-B310-6F2A6610EBB7}.Ad-Hoc|iPhone.Build.0 = Release|Any CPU
		{2B0D9817-9FEF-40D9-B310-6F2A6610EBB7}.Ad-Hoc|iPhone.Deploy.0 = Release|Any CPU
		{2B0D9817-9FEF-40D9-B310-6F2A6610EBB7}.Ad-Hoc|iPhoneSimulator.ActiveCfg = Release|Any CPU
		{2B0D9817-9FEF-40D9-B310-6F2A6610EBB7}.Ad-Hoc|iPhoneSimulator.Build.0 = Release|Any CPU
		{2B0D9817-9FEF-40D9-B310-6F2A6610EBB7}.Ad-Hoc|iPhoneSimulator.Deploy.0 = Release|Any CPU
		{2B0D9817-9FEF-40D9-B310-6F2A6610EBB7}.Ad-Hoc|x64.ActiveCfg = Release|Any CPU
		{2B0D9817-9FEF-40D9-B310-6F2A6610EBB7}.Ad-Hoc|x64.Build.0 = Release|Any CPU
		{2B0D9817-9FEF-40D9-B310-6F2A6610EBB7}.Ad-Hoc|x64.Deploy.0 = Release|Any CPU
		{2B0D9817-9FEF-40D9-B310-6F2A6610EBB7}.Ad-Hoc|x86.ActiveCfg = Release|Any CPU
		{2B0D9817-9FEF-40D9-B310-6F2A6610EBB7}.Ad-Hoc|x86.Build.0 = Release|Any CPU
		{2B0D9817-9FEF-40D9-B310-6F2A6610EBB7}.Ad-Hoc|x86.Deploy.0 = Release|Any CPU
		{2B0D9817-9FEF-40D9-B310-6F2A6610EBB7}.AppStore|Any CPU.ActiveCfg = Release|Any CPU
		{2B0D9817-9FEF-40D9-B310-6F2A6610EBB7}.AppStore|Any CPU.Build.0 = Release|Any CPU
		{2B0D9817-9FEF-40D9-B310-6F2A6610EBB7}.AppStore|Any CPU.Deploy.0 = Release|Any CPU
		{2B0D9817-9FEF-40D9-B310-6F2A6610EBB7}.AppStore|ARM.ActiveCfg = Release|Any CPU
		{2B0D9817-9FEF-40D9-B310-6F2A6610EBB7}.AppStore|ARM.Build.0 = Release|Any CPU
		{2B0D9817-9FEF-40D9-B310-6F2A6610EBB7}.AppStore|ARM.Deploy.0 = Release|Any CPU
		{2B0D9817-9FEF-40D9-B310-6F2A6610EBB7}.AppStore|iPhone.ActiveCfg = Release|Any CPU
		{2B0D9817-9FEF-40D9-B310-6F2A6610EBB7}.AppStore|iPhone.Build.0 = Release|Any CPU
		{2B0D9817-9FEF-40D9-B310-6F2A6610EBB7}.AppStore|iPhone.Deploy.0 = Release|Any CPU
		{2B0D9817-9FEF-40D9-B310-6F2A6610EBB7}.AppStore|iPhoneSimulator.ActiveCfg = Release|Any CPU
		{2B0D9817-9FEF-40D9-B310-6F2A6610EBB7}.AppStore|iPhoneSimulator.Build.0 = Release|Any CPU
		{2B0D9817-9FEF-40D9-B310-6F2A6610EBB7}.AppStore|iPhoneSimulator.Deploy.0 = Release|Any CPU
		{2B0D9817-9FEF-40D9-B310-6F2A6610EBB7}.AppStore|x64.ActiveCfg = Release|Any CPU
		{2B0D9817-9FEF-40D9-B310-6F2A6610EBB7}.AppStore|x64.Build.0 = Release|Any CPU
		{2B0D9817-9FEF-40D9-B310-6F2A6610EBB7}.AppStore|x64.Deploy.0 = Release|Any CPU
		{2B0D9817-9FEF-40D9-B310-6F2A6610EBB7}.AppStore|x86.ActiveCfg = Release|Any CPU
		{2B0D9817-9FEF-40D9-B310-6F2A6610EBB7}.AppStore|x86.Build.0 = Release|Any CPU
		{2B0D9817-9FEF-40D9-B310-6F2A6610EBB7}.AppStore|x86.Deploy.0 = Release|Any CPU
		{2B0D9817-9FEF-40D9-B310-6F2A6610EBB7}.Debug|Any CPU.ActiveCfg = Debug|Any CPU
		{2B0D9817-9FEF-40D9-B310-6F2A6610EBB7}.Debug|Any CPU.Build.0 = Debug|Any CPU
		{2B0D9817-9FEF-40D9-B310-6F2A6610EBB7}.Debug|Any CPU.Deploy.0 = Debug|Any CPU
		{2B0D9817-9FEF-40D9-B310-6F2A6610EBB7}.Debug|ARM.ActiveCfg = Debug|Any CPU
		{2B0D9817-9FEF-40D9-B310-6F2A6610EBB7}.Debug|ARM.Build.0 = Debug|Any CPU
		{2B0D9817-9FEF-40D9-B310-6F2A6610EBB7}.Debug|ARM.Deploy.0 = Debug|Any CPU
		{2B0D9817-9FEF-40D9-B310-6F2A6610EBB7}.Debug|iPhone.ActiveCfg = Debug|Any CPU
		{2B0D9817-9FEF-40D9-B310-6F2A6610EBB7}.Debug|iPhone.Build.0 = Debug|Any CPU
		{2B0D9817-9FEF-40D9-B310-6F2A6610EBB7}.Debug|iPhone.Deploy.0 = Debug|Any CPU
		{2B0D9817-9FEF-40D9-B310-6F2A6610EBB7}.Debug|iPhoneSimulator.ActiveCfg = Debug|Any CPU
		{2B0D9817-9FEF-40D9-B310-6F2A6610EBB7}.Debug|iPhoneSimulator.Build.0 = Debug|Any CPU
		{2B0D9817-9FEF-40D9-B310-6F2A6610EBB7}.Debug|iPhoneSimulator.Deploy.0 = Debug|Any CPU
		{2B0D9817-9FEF-40D9-B310-6F2A6610EBB7}.Debug|x64.ActiveCfg = Debug|Any CPU
		{2B0D9817-9FEF-40D9-B310-6F2A6610EBB7}.Debug|x64.Build.0 = Debug|Any CPU
		{2B0D9817-9FEF-40D9-B310-6F2A6610EBB7}.Debug|x64.Deploy.0 = Debug|Any CPU
		{2B0D9817-9FEF-40D9-B310-6F2A6610EBB7}.Debug|x86.ActiveCfg = Debug|Any CPU
		{2B0D9817-9FEF-40D9-B310-6F2A6610EBB7}.Debug|x86.Build.0 = Debug|Any CPU
		{2B0D9817-9FEF-40D9-B310-6F2A6610EBB7}.Debug|x86.Deploy.0 = Debug|Any CPU
		{2B0D9817-9FEF-40D9-B310-6F2A6610EBB7}.Release|Any CPU.ActiveCfg = Release|Any CPU
		{2B0D9817-9FEF-40D9-B310-6F2A6610EBB7}.Release|Any CPU.Build.0 = Release|Any CPU
		{2B0D9817-9FEF-40D9-B310-6F2A6610EBB7}.Release|Any CPU.Deploy.0 = Release|Any CPU
		{2B0D9817-9FEF-40D9-B310-6F2A6610EBB7}.Release|ARM.ActiveCfg = Release|Any CPU
		{2B0D9817-9FEF-40D9-B310-6F2A6610EBB7}.Release|ARM.Build.0 = Release|Any CPU
		{2B0D9817-9FEF-40D9-B310-6F2A6610EBB7}.Release|ARM.Deploy.0 = Release|Any CPU
		{2B0D9817-9FEF-40D9-B310-6F2A6610EBB7}.Release|iPhone.ActiveCfg = Release|Any CPU
		{2B0D9817-9FEF-40D9-B310-6F2A6610EBB7}.Release|iPhone.Build.0 = Release|Any CPU
		{2B0D9817-9FEF-40D9-B310-6F2A6610EBB7}.Release|iPhone.Deploy.0 = Release|Any CPU
		{2B0D9817-9FEF-40D9-B310-6F2A6610EBB7}.Release|iPhoneSimulator.ActiveCfg = Release|Any CPU
		{2B0D9817-9FEF-40D9-B310-6F2A6610EBB7}.Release|iPhoneSimulator.Build.0 = Release|Any CPU
		{2B0D9817-9FEF-40D9-B310-6F2A6610EBB7}.Release|iPhoneSimulator.Deploy.0 = Release|Any CPU
		{2B0D9817-9FEF-40D9-B310-6F2A6610EBB7}.Release|x64.ActiveCfg = Release|Any CPU
		{2B0D9817-9FEF-40D9-B310-6F2A6610EBB7}.Release|x64.Build.0 = Release|Any CPU
		{2B0D9817-9FEF-40D9-B310-6F2A6610EBB7}.Release|x64.Deploy.0 = Release|Any CPU
		{2B0D9817-9FEF-40D9-B310-6F2A6610EBB7}.Release|x86.ActiveCfg = Release|Any CPU
		{2B0D9817-9FEF-40D9-B310-6F2A6610EBB7}.Release|x86.Build.0 = Release|Any CPU
		{2B0D9817-9FEF-40D9-B310-6F2A6610EBB7}.Release|x86.Deploy.0 = Release|Any CPU
		{0687C007-7F38-4251-A8C6-155902056F53}.Ad-Hoc|Any CPU.ActiveCfg = Ad-Hoc|iPhone
		{0687C007-7F38-4251-A8C6-155902056F53}.Ad-Hoc|Any CPU.Build.0 = Ad-Hoc|iPhone
		{0687C007-7F38-4251-A8C6-155902056F53}.Ad-Hoc|Any CPU.Deploy.0 = Ad-Hoc|iPhone
		{0687C007-7F38-4251-A8C6-155902056F53}.Ad-Hoc|ARM.ActiveCfg = Ad-Hoc|iPhone
		{0687C007-7F38-4251-A8C6-155902056F53}.Ad-Hoc|ARM.Build.0 = Ad-Hoc|iPhone
		{0687C007-7F38-4251-A8C6-155902056F53}.Ad-Hoc|ARM.Deploy.0 = Ad-Hoc|iPhone
		{0687C007-7F38-4251-A8C6-155902056F53}.Ad-Hoc|iPhone.ActiveCfg = Ad-Hoc|iPhone
		{0687C007-7F38-4251-A8C6-155902056F53}.Ad-Hoc|iPhone.Build.0 = Ad-Hoc|iPhone
		{0687C007-7F38-4251-A8C6-155902056F53}.Ad-Hoc|iPhone.Deploy.0 = Ad-Hoc|iPhone
		{0687C007-7F38-4251-A8C6-155902056F53}.Ad-Hoc|iPhoneSimulator.ActiveCfg = Ad-Hoc|iPhoneSimulator
		{0687C007-7F38-4251-A8C6-155902056F53}.Ad-Hoc|iPhoneSimulator.Build.0 = Ad-Hoc|iPhoneSimulator
		{0687C007-7F38-4251-A8C6-155902056F53}.Ad-Hoc|iPhoneSimulator.Deploy.0 = Ad-Hoc|iPhoneSimulator
		{0687C007-7F38-4251-A8C6-155902056F53}.Ad-Hoc|x64.ActiveCfg = Ad-Hoc|iPhone
		{0687C007-7F38-4251-A8C6-155902056F53}.Ad-Hoc|x64.Build.0 = Ad-Hoc|iPhone
		{0687C007-7F38-4251-A8C6-155902056F53}.Ad-Hoc|x64.Deploy.0 = Ad-Hoc|iPhone
		{0687C007-7F38-4251-A8C6-155902056F53}.Ad-Hoc|x86.ActiveCfg = Ad-Hoc|iPhone
		{0687C007-7F38-4251-A8C6-155902056F53}.Ad-Hoc|x86.Build.0 = Ad-Hoc|iPhone
		{0687C007-7F38-4251-A8C6-155902056F53}.Ad-Hoc|x86.Deploy.0 = Ad-Hoc|iPhone
		{0687C007-7F38-4251-A8C6-155902056F53}.AppStore|Any CPU.ActiveCfg = AppStore|iPhone
		{0687C007-7F38-4251-A8C6-155902056F53}.AppStore|Any CPU.Build.0 = AppStore|iPhone
		{0687C007-7F38-4251-A8C6-155902056F53}.AppStore|Any CPU.Deploy.0 = AppStore|iPhone
		{0687C007-7F38-4251-A8C6-155902056F53}.AppStore|ARM.ActiveCfg = AppStore|iPhone
		{0687C007-7F38-4251-A8C6-155902056F53}.AppStore|ARM.Build.0 = AppStore|iPhone
		{0687C007-7F38-4251-A8C6-155902056F53}.AppStore|ARM.Deploy.0 = AppStore|iPhone
		{0687C007-7F38-4251-A8C6-155902056F53}.AppStore|iPhone.ActiveCfg = AppStore|iPhone
		{0687C007-7F38-4251-A8C6-155902056F53}.AppStore|iPhone.Build.0 = AppStore|iPhone
		{0687C007-7F38-4251-A8C6-155902056F53}.AppStore|iPhone.Deploy.0 = AppStore|iPhone
		{0687C007-7F38-4251-A8C6-155902056F53}.AppStore|iPhoneSimulator.ActiveCfg = AppStore|iPhoneSimulator
		{0687C007-7F38-4251-A8C6-155902056F53}.AppStore|iPhoneSimulator.Build.0 = AppStore|iPhoneSimulator
		{0687C007-7F38-4251-A8C6-155902056F53}.AppStore|iPhoneSimulator.Deploy.0 = AppStore|iPhoneSimulator
		{0687C007-7F38-4251-A8C6-155902056F53}.AppStore|x64.ActiveCfg = AppStore|iPhone
		{0687C007-7F38-4251-A8C6-155902056F53}.AppStore|x64.Build.0 = AppStore|iPhone
		{0687C007-7F38-4251-A8C6-155902056F53}.AppStore|x64.Deploy.0 = AppStore|iPhone
		{0687C007-7F38-4251-A8C6-155902056F53}.AppStore|x86.ActiveCfg = AppStore|iPhone
		{0687C007-7F38-4251-A8C6-155902056F53}.AppStore|x86.Build.0 = AppStore|iPhone
		{0687C007-7F38-4251-A8C6-155902056F53}.AppStore|x86.Deploy.0 = AppStore|iPhone
		{0687C007-7F38-4251-A8C6-155902056F53}.Debug|Any CPU.ActiveCfg = Debug|iPhoneSimulator
		{0687C007-7F38-4251-A8C6-155902056F53}.Debug|Any CPU.Build.0 = Debug|iPhoneSimulator
		{0687C007-7F38-4251-A8C6-155902056F53}.Debug|Any CPU.Deploy.0 = Debug|iPhoneSimulator
		{0687C007-7F38-4251-A8C6-155902056F53}.Debug|ARM.ActiveCfg = Debug|iPhone
		{0687C007-7F38-4251-A8C6-155902056F53}.Debug|ARM.Build.0 = Debug|iPhone
		{0687C007-7F38-4251-A8C6-155902056F53}.Debug|ARM.Deploy.0 = Debug|iPhone
		{0687C007-7F38-4251-A8C6-155902056F53}.Debug|iPhone.ActiveCfg = Debug|iPhone
		{0687C007-7F38-4251-A8C6-155902056F53}.Debug|iPhone.Build.0 = Debug|iPhone
		{0687C007-7F38-4251-A8C6-155902056F53}.Debug|iPhone.Deploy.0 = Debug|iPhone
		{0687C007-7F38-4251-A8C6-155902056F53}.Debug|iPhoneSimulator.ActiveCfg = Debug|iPhoneSimulator
		{0687C007-7F38-4251-A8C6-155902056F53}.Debug|iPhoneSimulator.Build.0 = Debug|iPhoneSimulator
		{0687C007-7F38-4251-A8C6-155902056F53}.Debug|iPhoneSimulator.Deploy.0 = Debug|iPhoneSimulator
		{0687C007-7F38-4251-A8C6-155902056F53}.Debug|x64.ActiveCfg = Debug|iPhone
		{0687C007-7F38-4251-A8C6-155902056F53}.Debug|x64.Build.0 = Debug|iPhone
		{0687C007-7F38-4251-A8C6-155902056F53}.Debug|x64.Deploy.0 = Debug|iPhone
		{0687C007-7F38-4251-A8C6-155902056F53}.Debug|x86.ActiveCfg = Debug|iPhone
		{0687C007-7F38-4251-A8C6-155902056F53}.Debug|x86.Build.0 = Debug|iPhone
		{0687C007-7F38-4251-A8C6-155902056F53}.Debug|x86.Deploy.0 = Debug|iPhone
		{0687C007-7F38-4251-A8C6-155902056F53}.Release|Any CPU.ActiveCfg = Release|iPhone
		{0687C007-7F38-4251-A8C6-155902056F53}.Release|Any CPU.Build.0 = Release|iPhone
		{0687C007-7F38-4251-A8C6-155902056F53}.Release|Any CPU.Deploy.0 = Release|iPhone
		{0687C007-7F38-4251-A8C6-155902056F53}.Release|ARM.ActiveCfg = Release|iPhone
		{0687C007-7F38-4251-A8C6-155902056F53}.Release|ARM.Build.0 = Release|iPhone
		{0687C007-7F38-4251-A8C6-155902056F53}.Release|ARM.Deploy.0 = Release|iPhone
		{0687C007-7F38-4251-A8C6-155902056F53}.Release|iPhone.ActiveCfg = Release|iPhone
		{0687C007-7F38-4251-A8C6-155902056F53}.Release|iPhone.Build.0 = Release|iPhone
		{0687C007-7F38-4251-A8C6-155902056F53}.Release|iPhone.Deploy.0 = Release|iPhone
		{0687C007-7F38-4251-A8C6-155902056F53}.Release|iPhoneSimulator.ActiveCfg = Release|iPhoneSimulator
		{0687C007-7F38-4251-A8C6-155902056F53}.Release|iPhoneSimulator.Build.0 = Release|iPhoneSimulator
		{0687C007-7F38-4251-A8C6-155902056F53}.Release|iPhoneSimulator.Deploy.0 = Release|iPhoneSimulator
		{0687C007-7F38-4251-A8C6-155902056F53}.Release|x64.ActiveCfg = Release|iPhone
		{0687C007-7F38-4251-A8C6-155902056F53}.Release|x64.Build.0 = Release|iPhone
		{0687C007-7F38-4251-A8C6-155902056F53}.Release|x64.Deploy.0 = Release|iPhone
		{0687C007-7F38-4251-A8C6-155902056F53}.Release|x86.ActiveCfg = Release|iPhone
		{0687C007-7F38-4251-A8C6-155902056F53}.Release|x86.Build.0 = Release|iPhone
		{0687C007-7F38-4251-A8C6-155902056F53}.Release|x86.Deploy.0 = Release|iPhone
		{33FFA829-B158-4DEE-8ABE-C7207C6E73FE}.Ad-Hoc|Any CPU.ActiveCfg = Release|x86
		{33FFA829-B158-4DEE-8ABE-C7207C6E73FE}.Ad-Hoc|Any CPU.Build.0 = Release|x86
		{33FFA829-B158-4DEE-8ABE-C7207C6E73FE}.Ad-Hoc|Any CPU.Deploy.0 = Release|x86
		{33FFA829-B158-4DEE-8ABE-C7207C6E73FE}.Ad-Hoc|ARM.ActiveCfg = Release|ARM
		{33FFA829-B158-4DEE-8ABE-C7207C6E73FE}.Ad-Hoc|ARM.Build.0 = Release|ARM
		{33FFA829-B158-4DEE-8ABE-C7207C6E73FE}.Ad-Hoc|ARM.Deploy.0 = Release|ARM
		{33FFA829-B158-4DEE-8ABE-C7207C6E73FE}.Ad-Hoc|iPhone.ActiveCfg = Release|x86
		{33FFA829-B158-4DEE-8ABE-C7207C6E73FE}.Ad-Hoc|iPhone.Build.0 = Release|x86
		{33FFA829-B158-4DEE-8ABE-C7207C6E73FE}.Ad-Hoc|iPhone.Deploy.0 = Release|x86
		{33FFA829-B158-4DEE-8ABE-C7207C6E73FE}.Ad-Hoc|iPhoneSimulator.ActiveCfg = Release|x86
		{33FFA829-B158-4DEE-8ABE-C7207C6E73FE}.Ad-Hoc|iPhoneSimulator.Build.0 = Release|x86
		{33FFA829-B158-4DEE-8ABE-C7207C6E73FE}.Ad-Hoc|iPhoneSimulator.Deploy.0 = Release|x86
		{33FFA829-B158-4DEE-8ABE-C7207C6E73FE}.Ad-Hoc|x64.ActiveCfg = Release|x64
		{33FFA829-B158-4DEE-8ABE-C7207C6E73FE}.Ad-Hoc|x64.Build.0 = Release|x64
		{33FFA829-B158-4DEE-8ABE-C7207C6E73FE}.Ad-Hoc|x64.Deploy.0 = Release|x64
		{33FFA829-B158-4DEE-8ABE-C7207C6E73FE}.Ad-Hoc|x86.ActiveCfg = Release|x86
		{33FFA829-B158-4DEE-8ABE-C7207C6E73FE}.Ad-Hoc|x86.Build.0 = Release|x86
		{33FFA829-B158-4DEE-8ABE-C7207C6E73FE}.Ad-Hoc|x86.Deploy.0 = Release|x86
		{33FFA829-B158-4DEE-8ABE-C7207C6E73FE}.AppStore|Any CPU.ActiveCfg = Release|x86
		{33FFA829-B158-4DEE-8ABE-C7207C6E73FE}.AppStore|Any CPU.Build.0 = Release|x86
		{33FFA829-B158-4DEE-8ABE-C7207C6E73FE}.AppStore|Any CPU.Deploy.0 = Release|x86
		{33FFA829-B158-4DEE-8ABE-C7207C6E73FE}.AppStore|ARM.ActiveCfg = Release|ARM
		{33FFA829-B158-4DEE-8ABE-C7207C6E73FE}.AppStore|ARM.Build.0 = Release|ARM
		{33FFA829-B158-4DEE-8ABE-C7207C6E73FE}.AppStore|ARM.Deploy.0 = Release|ARM
		{33FFA829-B158-4DEE-8ABE-C7207C6E73FE}.AppStore|iPhone.ActiveCfg = Release|x86
		{33FFA829-B158-4DEE-8ABE-C7207C6E73FE}.AppStore|iPhone.Build.0 = Release|x86
		{33FFA829-B158-4DEE-8ABE-C7207C6E73FE}.AppStore|iPhone.Deploy.0 = Release|x86
		{33FFA829-B158-4DEE-8ABE-C7207C6E73FE}.AppStore|iPhoneSimulator.ActiveCfg = Release|x86
		{33FFA829-B158-4DEE-8ABE-C7207C6E73FE}.AppStore|iPhoneSimulator.Build.0 = Release|x86
		{33FFA829-B158-4DEE-8ABE-C7207C6E73FE}.AppStore|iPhoneSimulator.Deploy.0 = Release|x86
		{33FFA829-B158-4DEE-8ABE-C7207C6E73FE}.AppStore|x64.ActiveCfg = Release|x64
		{33FFA829-B158-4DEE-8ABE-C7207C6E73FE}.AppStore|x64.Build.0 = Release|x64
		{33FFA829-B158-4DEE-8ABE-C7207C6E73FE}.AppStore|x64.Deploy.0 = Release|x64
		{33FFA829-B158-4DEE-8ABE-C7207C6E73FE}.AppStore|x86.ActiveCfg = Release|x86
		{33FFA829-B158-4DEE-8ABE-C7207C6E73FE}.AppStore|x86.Build.0 = Release|x86
		{33FFA829-B158-4DEE-8ABE-C7207C6E73FE}.AppStore|x86.Deploy.0 = Release|x86
		{33FFA829-B158-4DEE-8ABE-C7207C6E73FE}.Debug|Any CPU.ActiveCfg = Debug|x86
		{33FFA829-B158-4DEE-8ABE-C7207C6E73FE}.Debug|Any CPU.Build.0 = Debug|x86
		{33FFA829-B158-4DEE-8ABE-C7207C6E73FE}.Debug|Any CPU.Deploy.0 = Debug|x86
		{33FFA829-B158-4DEE-8ABE-C7207C6E73FE}.Debug|ARM.ActiveCfg = Debug|ARM
		{33FFA829-B158-4DEE-8ABE-C7207C6E73FE}.Debug|ARM.Build.0 = Debug|ARM
		{33FFA829-B158-4DEE-8ABE-C7207C6E73FE}.Debug|ARM.Deploy.0 = Debug|ARM
		{33FFA829-B158-4DEE-8ABE-C7207C6E73FE}.Debug|iPhone.ActiveCfg = Debug|x86
		{33FFA829-B158-4DEE-8ABE-C7207C6E73FE}.Debug|iPhone.Build.0 = Debug|x86
		{33FFA829-B158-4DEE-8ABE-C7207C6E73FE}.Debug|iPhone.Deploy.0 = Debug|x86
		{33FFA829-B158-4DEE-8ABE-C7207C6E73FE}.Debug|iPhoneSimulator.ActiveCfg = Debug|x86
		{33FFA829-B158-4DEE-8ABE-C7207C6E73FE}.Debug|iPhoneSimulator.Build.0 = Debug|x86
		{33FFA829-B158-4DEE-8ABE-C7207C6E73FE}.Debug|iPhoneSimulator.Deploy.0 = Debug|x86
		{33FFA829-B158-4DEE-8ABE-C7207C6E73FE}.Debug|x64.ActiveCfg = Debug|x64
		{33FFA829-B158-4DEE-8ABE-C7207C6E73FE}.Debug|x64.Build.0 = Debug|x64
		{33FFA829-B158-4DEE-8ABE-C7207C6E73FE}.Debug|x64.Deploy.0 = Debug|x64
		{33FFA829-B158-4DEE-8ABE-C7207C6E73FE}.Debug|x86.ActiveCfg = Debug|x86
		{33FFA829-B158-4DEE-8ABE-C7207C6E73FE}.Debug|x86.Build.0 = Debug|x86
		{33FFA829-B158-4DEE-8ABE-C7207C6E73FE}.Debug|x86.Deploy.0 = Debug|x86
		{33FFA829-B158-4DEE-8ABE-C7207C6E73FE}.Release|Any CPU.ActiveCfg = Release|x86
		{33FFA829-B158-4DEE-8ABE-C7207C6E73FE}.Release|Any CPU.Build.0 = Release|x86
		{33FFA829-B158-4DEE-8ABE-C7207C6E73FE}.Release|Any CPU.Deploy.0 = Release|x86
		{33FFA829-B158-4DEE-8ABE-C7207C6E73FE}.Release|ARM.ActiveCfg = Release|ARM
		{33FFA829-B158-4DEE-8ABE-C7207C6E73FE}.Release|ARM.Build.0 = Release|ARM
		{33FFA829-B158-4DEE-8ABE-C7207C6E73FE}.Release|ARM.Deploy.0 = Release|ARM
		{33FFA829-B158-4DEE-8ABE-C7207C6E73FE}.Release|iPhone.ActiveCfg = Release|x86
		{33FFA829-B158-4DEE-8ABE-C7207C6E73FE}.Release|iPhone.Build.0 = Release|x86
		{33FFA829-B158-4DEE-8ABE-C7207C6E73FE}.Release|iPhone.Deploy.0 = Release|x86
		{33FFA829-B158-4DEE-8ABE-C7207C6E73FE}.Release|iPhoneSimulator.ActiveCfg = Release|x86
		{33FFA829-B158-4DEE-8ABE-C7207C6E73FE}.Release|iPhoneSimulator.Build.0 = Release|x86
		{33FFA829-B158-4DEE-8ABE-C7207C6E73FE}.Release|iPhoneSimulator.Deploy.0 = Release|x86
		{33FFA829-B158-4DEE-8ABE-C7207C6E73FE}.Release|x64.ActiveCfg = Release|x64
		{33FFA829-B158-4DEE-8ABE-C7207C6E73FE}.Release|x64.Build.0 = Release|x64
		{33FFA829-B158-4DEE-8ABE-C7207C6E73FE}.Release|x64.Deploy.0 = Release|x64
		{33FFA829-B158-4DEE-8ABE-C7207C6E73FE}.Release|x86.ActiveCfg = Release|x86
		{33FFA829-B158-4DEE-8ABE-C7207C6E73FE}.Release|x86.Build.0 = Release|x86
		{33FFA829-B158-4DEE-8ABE-C7207C6E73FE}.Release|x86.Deploy.0 = Release|x86
		{A8C59C97-07F2-47AA-9BE8-57A3F5C1A3C5}.Ad-Hoc|Any CPU.ActiveCfg = Debug|Any CPU
		{A8C59C97-07F2-47AA-9BE8-57A3F5C1A3C5}.Ad-Hoc|Any CPU.Build.0 = Debug|Any CPU
		{A8C59C97-07F2-47AA-9BE8-57A3F5C1A3C5}.Ad-Hoc|Any CPU.Deploy.0 = Debug|Any CPU
		{A8C59C97-07F2-47AA-9BE8-57A3F5C1A3C5}.Ad-Hoc|ARM.ActiveCfg = Debug|Any CPU
		{A8C59C97-07F2-47AA-9BE8-57A3F5C1A3C5}.Ad-Hoc|ARM.Build.0 = Debug|Any CPU
		{A8C59C97-07F2-47AA-9BE8-57A3F5C1A3C5}.Ad-Hoc|ARM.Deploy.0 = Debug|Any CPU
		{A8C59C97-07F2-47AA-9BE8-57A3F5C1A3C5}.Ad-Hoc|iPhone.ActiveCfg = Debug|Any CPU
		{A8C59C97-07F2-47AA-9BE8-57A3F5C1A3C5}.Ad-Hoc|iPhone.Build.0 = Debug|Any CPU
		{A8C59C97-07F2-47AA-9BE8-57A3F5C1A3C5}.Ad-Hoc|iPhone.Deploy.0 = Debug|Any CPU
		{A8C59C97-07F2-47AA-9BE8-57A3F5C1A3C5}.Ad-Hoc|iPhoneSimulator.ActiveCfg = Debug|Any CPU
		{A8C59C97-07F2-47AA-9BE8-57A3F5C1A3C5}.Ad-Hoc|iPhoneSimulator.Build.0 = Debug|Any CPU
		{A8C59C97-07F2-47AA-9BE8-57A3F5C1A3C5}.Ad-Hoc|iPhoneSimulator.Deploy.0 = Debug|Any CPU
		{A8C59C97-07F2-47AA-9BE8-57A3F5C1A3C5}.Ad-Hoc|x64.ActiveCfg = Debug|Any CPU
		{A8C59C97-07F2-47AA-9BE8-57A3F5C1A3C5}.Ad-Hoc|x64.Build.0 = Debug|Any CPU
		{A8C59C97-07F2-47AA-9BE8-57A3F5C1A3C5}.Ad-Hoc|x64.Deploy.0 = Debug|Any CPU
		{A8C59C97-07F2-47AA-9BE8-57A3F5C1A3C5}.Ad-Hoc|x86.ActiveCfg = Debug|Any CPU
		{A8C59C97-07F2-47AA-9BE8-57A3F5C1A3C5}.Ad-Hoc|x86.Build.0 = Debug|Any CPU
		{A8C59C97-07F2-47AA-9BE8-57A3F5C1A3C5}.Ad-Hoc|x86.Deploy.0 = Debug|Any CPU
		{A8C59C97-07F2-47AA-9BE8-57A3F5C1A3C5}.AppStore|Any CPU.ActiveCfg = Debug|Any CPU
		{A8C59C97-07F2-47AA-9BE8-57A3F5C1A3C5}.AppStore|Any CPU.Build.0 = Debug|Any CPU
		{A8C59C97-07F2-47AA-9BE8-57A3F5C1A3C5}.AppStore|Any CPU.Deploy.0 = Debug|Any CPU
		{A8C59C97-07F2-47AA-9BE8-57A3F5C1A3C5}.AppStore|ARM.ActiveCfg = Debug|Any CPU
		{A8C59C97-07F2-47AA-9BE8-57A3F5C1A3C5}.AppStore|ARM.Build.0 = Debug|Any CPU
		{A8C59C97-07F2-47AA-9BE8-57A3F5C1A3C5}.AppStore|ARM.Deploy.0 = Debug|Any CPU
		{A8C59C97-07F2-47AA-9BE8-57A3F5C1A3C5}.AppStore|iPhone.ActiveCfg = Debug|Any CPU
		{A8C59C97-07F2-47AA-9BE8-57A3F5C1A3C5}.AppStore|iPhone.Build.0 = Debug|Any CPU
		{A8C59C97-07F2-47AA-9BE8-57A3F5C1A3C5}.AppStore|iPhone.Deploy.0 = Debug|Any CPU
		{A8C59C97-07F2-47AA-9BE8-57A3F5C1A3C5}.AppStore|iPhoneSimulator.ActiveCfg = Debug|Any CPU
		{A8C59C97-07F2-47AA-9BE8-57A3F5C1A3C5}.AppStore|iPhoneSimulator.Build.0 = Debug|Any CPU
		{A8C59C97-07F2-47AA-9BE8-57A3F5C1A3C5}.AppStore|iPhoneSimulator.Deploy.0 = Debug|Any CPU
		{A8C59C97-07F2-47AA-9BE8-57A3F5C1A3C5}.AppStore|x64.ActiveCfg = Debug|Any CPU
		{A8C59C97-07F2-47AA-9BE8-57A3F5C1A3C5}.AppStore|x64.Build.0 = Debug|Any CPU
		{A8C59C97-07F2-47AA-9BE8-57A3F5C1A3C5}.AppStore|x64.Deploy.0 = Debug|Any CPU
		{A8C59C97-07F2-47AA-9BE8-57A3F5C1A3C5}.AppStore|x86.ActiveCfg = Debug|Any CPU
		{A8C59C97-07F2-47AA-9BE8-57A3F5C1A3C5}.AppStore|x86.Build.0 = Debug|Any CPU
		{A8C59C97-07F2-47AA-9BE8-57A3F5C1A3C5}.AppStore|x86.Deploy.0 = Debug|Any CPU
		{A8C59C97-07F2-47AA-9BE8-57A3F5C1A3C5}.Debug|Any CPU.ActiveCfg = Debug|Any CPU
		{A8C59C97-07F2-47AA-9BE8-57A3F5C1A3C5}.Debug|Any CPU.Build.0 = Debug|Any CPU
		{A8C59C97-07F2-47AA-9BE8-57A3F5C1A3C5}.Debug|Any CPU.Deploy.0 = Debug|Any CPU
		{A8C59C97-07F2-47AA-9BE8-57A3F5C1A3C5}.Debug|ARM.ActiveCfg = Debug|Any CPU
		{A8C59C97-07F2-47AA-9BE8-57A3F5C1A3C5}.Debug|ARM.Build.0 = Debug|Any CPU
		{A8C59C97-07F2-47AA-9BE8-57A3F5C1A3C5}.Debug|ARM.Deploy.0 = Debug|Any CPU
		{A8C59C97-07F2-47AA-9BE8-57A3F5C1A3C5}.Debug|iPhone.ActiveCfg = Debug|Any CPU
		{A8C59C97-07F2-47AA-9BE8-57A3F5C1A3C5}.Debug|iPhone.Build.0 = Debug|Any CPU
		{A8C59C97-07F2-47AA-9BE8-57A3F5C1A3C5}.Debug|iPhone.Deploy.0 = Debug|Any CPU
		{A8C59C97-07F2-47AA-9BE8-57A3F5C1A3C5}.Debug|iPhoneSimulator.ActiveCfg = Debug|Any CPU
		{A8C59C97-07F2-47AA-9BE8-57A3F5C1A3C5}.Debug|iPhoneSimulator.Build.0 = Debug|Any CPU
		{A8C59C97-07F2-47AA-9BE8-57A3F5C1A3C5}.Debug|iPhoneSimulator.Deploy.0 = Debug|Any CPU
		{A8C59C97-07F2-47AA-9BE8-57A3F5C1A3C5}.Debug|x64.ActiveCfg = Debug|Any CPU
		{A8C59C97-07F2-47AA-9BE8-57A3F5C1A3C5}.Debug|x64.Build.0 = Debug|Any CPU
		{A8C59C97-07F2-47AA-9BE8-57A3F5C1A3C5}.Debug|x64.Deploy.0 = Debug|Any CPU
		{A8C59C97-07F2-47AA-9BE8-57A3F5C1A3C5}.Debug|x86.ActiveCfg = Debug|Any CPU
		{A8C59C97-07F2-47AA-9BE8-57A3F5C1A3C5}.Debug|x86.Build.0 = Debug|Any CPU
		{A8C59C97-07F2-47AA-9BE8-57A3F5C1A3C5}.Debug|x86.Deploy.0 = Debug|Any CPU
		{A8C59C97-07F2-47AA-9BE8-57A3F5C1A3C5}.Release|Any CPU.ActiveCfg = Release|Any CPU
		{A8C59C97-07F2-47AA-9BE8-57A3F5C1A3C5}.Release|Any CPU.Build.0 = Release|Any CPU
		{A8C59C97-07F2-47AA-9BE8-57A3F5C1A3C5}.Release|Any CPU.Deploy.0 = Release|Any CPU
		{A8C59C97-07F2-47AA-9BE8-57A3F5C1A3C5}.Release|ARM.ActiveCfg = Release|Any CPU
		{A8C59C97-07F2-47AA-9BE8-57A3F5C1A3C5}.Release|ARM.Build.0 = Release|Any CPU
		{A8C59C97-07F2-47AA-9BE8-57A3F5C1A3C5}.Release|ARM.Deploy.0 = Release|Any CPU
		{A8C59C97-07F2-47AA-9BE8-57A3F5C1A3C5}.Release|iPhone.ActiveCfg = Release|Any CPU
		{A8C59C97-07F2-47AA-9BE8-57A3F5C1A3C5}.Release|iPhone.Build.0 = Release|Any CPU
		{A8C59C97-07F2-47AA-9BE8-57A3F5C1A3C5}.Release|iPhone.Deploy.0 = Release|Any CPU
		{A8C59C97-07F2-47AA-9BE8-57A3F5C1A3C5}.Release|iPhoneSimulator.ActiveCfg = Release|Any CPU
		{A8C59C97-07F2-47AA-9BE8-57A3F5C1A3C5}.Release|iPhoneSimulator.Build.0 = Release|Any CPU
		{A8C59C97-07F2-47AA-9BE8-57A3F5C1A3C5}.Release|iPhoneSimulator.Deploy.0 = Release|Any CPU
		{A8C59C97-07F2-47AA-9BE8-57A3F5C1A3C5}.Release|x64.ActiveCfg = Release|Any CPU
		{A8C59C97-07F2-47AA-9BE8-57A3F5C1A3C5}.Release|x64.Build.0 = Release|Any CPU
		{A8C59C97-07F2-47AA-9BE8-57A3F5C1A3C5}.Release|x64.Deploy.0 = Release|Any CPU
		{A8C59C97-07F2-47AA-9BE8-57A3F5C1A3C5}.Release|x86.ActiveCfg = Release|Any CPU
		{A8C59C97-07F2-47AA-9BE8-57A3F5C1A3C5}.Release|x86.Build.0 = Release|Any CPU
		{A8C59C97-07F2-47AA-9BE8-57A3F5C1A3C5}.Release|x86.Deploy.0 = Release|Any CPU
	EndGlobalSection
	GlobalSection(SolutionProperties) = preSolution
		HideSolutionNode = FALSE
	EndGlobalSection
	GlobalSection(ExtensibilityGlobals) = postSolution
		SolutionGuid = {8822D90F-D340-408F-A21A-A14F010C459C}
	EndGlobalSection
EndGlobal
